Microsoft Visual Studio Solution File, Format Version 12.00
# Visual Studio Version 17
VisualStudioVersion = 17.13.35828.75 d17.13
MinimumVisualStudioVersion = 16.0.0.0
Project("{9A19103F-16F7-4668-BE54-9A1E7A4F7556}") = "BlazorChatApp.Server", "Server\BlazorChatApp.Server.csproj", "{094D241D-41DB-4ACA-A354-D56D95377184}"
EndProject
Project("{9A19103F-16F7-4668-BE54-9A1E7A4F7556}") = "BlazorChatApp.Client", "Client\BlazorChatApp.Client.csproj", "{AF39C858-51EE-4CC3-867D-2D0ED9CCD402}"
EndProject
Project("{9A19103F-16F7-4668-BE54-9A1E7A4F7556}") = "BlazorChatApp.Shared", "Shared\BlazorChatApp.Shared.csproj", "{50ED4925-9FC5-45D0-AF46-7C4BFDBB2811}"
EndProject
Global
	GlobalSection(SolutionConfigurationPlatforms) = preSolution
		Debug|Any CPU = Debug|Any CPU
		Debug|x64 = Debug|x64
		Debug|x86 = Debug|x86
		Release|Any CPU = Release|Any CPU
		Release|x64 = Release|x64
		Release|x86 = Release|x86
	EndGlobalSection
	GlobalSection(ProjectConfigurationPlatforms) = postSolution
		{094D241D-41DB-4ACA-A354-D56D95377184}.Debug|Any CPU.ActiveCfg = Debug|Any CPU
		{094D241D-41DB-4ACA-A354-D56D95377184}.Debug|Any CPU.Build.0 = Debug|Any CPU
		{094D241D-41DB-4ACA-A354-D56D95377184}.Debug|x64.ActiveCfg = Debug|Any CPU
		{094D241D-41DB-4ACA-A354-D56D95377184}.Debug|x64.Build.0 = Debug|Any CPU
		{094D241D-41DB-4ACA-A354-D56D95377184}.Debug|x86.ActiveCfg = Debug|Any CPU
		{094D241D-41DB-4ACA-A354-D56D95377184}.Debug|x86.Build.0 = Debug|Any CPU
		{094D241D-41DB-4ACA-A354-D56D95377184}.Release|Any CPU.ActiveCfg = Release|Any CPU
		{094D241D-41DB-4ACA-A354-D56D95377184}.Release|Any CPU.Build.0 = Release|Any CPU
		{094D241D-41DB-4ACA-A354-D56D95377184}.Release|x64.ActiveCfg = Release|Any CPU
		{094D241D-41DB-4ACA-A354-D56D95377184}.Release|x64.Build.0 = Release|Any CPU
		{094D241D-41DB-4ACA-A354-D56D95377184}.Release|x86.ActiveCfg = Release|Any CPU
		{094D241D-41DB-4ACA-A354-D56D95377184}.Release|x86.Build.0 = Release|Any CPU
		{AF39C858-51EE-4CC3-867D-2D0ED9CCD402}.Debug|Any CPU.ActiveCfg = Debug|Any CPU
		{AF39C858-51EE-4CC3-867D-2D0ED9CCD402}.Debug|Any CPU.Build.0 = Debug|Any CPU
		{AF39C858-51EE-4CC3-867D-2D0ED9CCD402}.Debug|x64.ActiveCfg = Debug|Any CPU
		{AF39C858-51EE-4CC3-867D-2D0ED9CCD402}.Debug|x64.Build.0 = Debug|Any CPU
		{AF39C858-51EE-4CC3-867D-2D0ED9CCD402}.Debug|x86.ActiveCfg = Debug|Any CPU
		{AF39C858-51EE-4CC3-867D-2D0ED9CCD402}.Debug|x86.Build.0 = Debug|Any CPU
		{AF39C858-51EE-4CC3-867D-2D0ED9CCD402}.Release|Any CPU.ActiveCfg = Release|Any CPU
		{AF39C858-51EE-4CC3-867D-2D0ED9CCD402}.Release|Any CPU.Build.0 = Release|Any CPU
		{AF39C858-51EE-4CC3-867D-2D0ED9CCD402}.Release|x64.ActiveCfg = Release|Any CPU
		{AF39C858-51EE-4CC3-867D-2D0ED9CCD402}.Release|x64.Build.0 = Release|Any CPU
		{AF39C858-51EE-4CC3-867D-2D0ED9CCD402}.Release|x86.ActiveCfg = Release|Any CPU
		{AF39C858-51EE-4CC3-867D-2D0ED9CCD402}.Release|x86.Build.0 = Release|Any CPU
		{50ED4925-9FC5-45D0-AF46-7C4BFDBB2811}.Debug|Any CPU.ActiveCfg = Debug|Any CPU
		{50ED4925-9FC5-45D0-AF46-7C4BFDBB2811}.Debug|Any CPU.Build.0 = Debug|Any CPU
		{50ED4925-9FC5-45D0-AF46-7C4BFDBB2811}.Debug|x64.ActiveCfg = Debug|Any CPU
		{50ED4925-9FC5-45D0-AF46-7C4BFDBB2811}.Debug|x64.Build.0 = Debug|Any CPU
		{50ED4925-9FC5-45D0-AF46-7C4BFDBB2811}.Debug|x86.ActiveCfg = Debug|Any CPU
		{50ED4925-9FC5-45D0-AF46-7C4BFDBB2811}.Debug|x86.Build.0 = Debug|Any CPU
		{50ED4925-9FC5-45D0-AF46-7C4BFDBB2811}.Release|Any CPU.ActiveCfg = Release|Any CPU
		{50ED4925-9FC5-45D0-AF46-7C4BFDBB2811}.Release|Any CPU.Build.0 = Release|Any CPU
		{50ED4925-9FC5-45D0-AF46-7C4BFDBB2811}.Release|x64.ActiveCfg = Release|Any CPU
		{50ED4925-9FC5-45D0-AF46-7C4BFDBB2811}.Release|x64.Build.0 = Release|Any CPU
		{50ED4925-9FC5-45D0-AF46-7C4BFDBB2811}.Release|x86.ActiveCfg = Release|Any CPU
		{50ED4925-9FC5-45D0-AF46-7C4BFDBB2811}.Release|x86.Build.0 = Release|Any CPU
	EndGlobalSection
	GlobalSection(SolutionProperties) = preSolution
		HideSolutionNode = FALSE
	EndGlobalSection
	GlobalSection(ExtensibilityGlobals) = postSolution
		SolutionGuid = {6065510F-702D-4B5A-8592-C1D032B6A93E}
	EndGlobalSection
EndGlobal
